Microsoft Visual Studio Solution File, Format Version 12.00
# Visual Studio Version 17
VisualStudioVersion = 17.0.31611.283
MinimumVisualStudioVersion = 10.0.40219.1
Project("{2150E333-8FDC-42A3-9474-1A3956D46DE8}") = "Solution Items", "Solution Items", "{41C6D001-2A0A-4167-B2D5-7DAEE2AE25B2}"
	ProjectSection(SolutionItems) = preProject
		.editorconfig = .editorconfig
	EndProjectSection
EndProject
Project("{9A19103F-16F7-4668-BE54-9A1E7A4F7556}") = "Fetch.App", "Fetch.App\Fetch.App.csproj", "{A4E55B6F-B286-46AE-8D0A-AB571ED78C55}"
EndProject
Project("{FAE04EC0-301F-11D3-BF4B-00C04F79EFBC}") = "Fetch.Web", "Fetch.Web\Fetch.Web.csproj", "{CA7A342E-B59E-4776-A9ED-70DEFB7317B5}"
EndProject
Global
	GlobalSection(SolutionConfigurationPlatforms) = preSolution
		Debug|Any CPU = Debug|Any CPU
		Release|Any CPU = Release|Any CPU
	EndGlobalSection
	GlobalSection(ProjectConfigurationPlatforms) = postSolution
		{A4E55B6F-B286-46AE-8D0A-AB571ED78C55}.Debug|Any CPU.ActiveCfg = Debug|Any CPU
		{A4E55B6F-B286-46AE-8D0A-AB571ED78C55}.Debug|Any CPU.Build.0 = Debug|Any CPU
		{A4E55B6F-B286-46AE-8D0A-AB571ED78C55}.Release|Any CPU.ActiveCfg = Release|Any CPU
		{A4E55B6F-B286-46AE-8D0A-AB571ED78C55}.Release|Any CPU.Build.0 = Release|Any CPU
		{CA7A342E-B59E-4776-A9ED-70DEFB7317B5}.Debug|Any CPU.ActiveCfg = Debug|Any CPU
		{CA7A342E-B59E-4776-A9ED-70DEFB7317B5}.Debug|Any CPU.Build.0 = Debug|Any CPU
		{CA7A342E-B59E-4776-A9ED-70DEFB7317B5}.Release|Any CPU.ActiveCfg = Release|Any CPU
		{CA7A342E-B59E-4776-A9ED-70DEFB7317B5}.Release|Any CPU.Build.0 = Release|Any CPU
	EndGlobalSection
	GlobalSection(SolutionProperties) = preSolution
		HideSolutionNode = FALSE
	EndGlobalSection
	GlobalSection(ExtensibilityGlobals) = postSolution
		SolutionGuid = {61F7FB11-1E47-470C-91E2-47F8143E1572}
	EndGlobalSection
EndGlobal
